
Microsoft Visual Studio Solution File, Format Version 12.00
# Visual Studio 2012
Project("{9092AA53-FB77-4645-B42D-1CCCA6BD08BD}") = "graficaBBVA", "graficaBBVA.njsproj", "{54D8BEB0-A169-49D2-9F17-E6452531112E}"
EndProject
Global
	GlobalSection(SolutionConfigurationPlatforms) = preSolution
		Debug|Any CPU = Debug|Any CPU
		Release|Any CPU = Release|Any CPU
	EndGlobalSection
	GlobalSection(ProjectConfigurationPlatforms) = postSolution
		{54D8BEB0-A169-49D2-9F17-E6452531112E}.Debug|Any CPU.ActiveCfg = Debug|Any CPU
		{54D8BEB0-A169-49D2-9F17-E6452531112E}.Debug|Any CPU.Build.0 = Debug|Any CPU
		{54D8BEB0-A169-49D2-9F17-E6452531112E}.Release|Any CPU.ActiveCfg = Release|Any CPU
		{54D8BEB0-A169-49D2-9F17-E6452531112E}.Release|Any CPU.Build.0 = Release|Any CPU
	EndGlobalSection
	GlobalSection(SolutionProperties) = preSolution
		HideSolutionNode = FALSE
	EndGlobalSection
EndGlobal
